
Microsoft Visual Studio Solution File, Format Version 12.00
# Visual Studio Version 17
VisualStudioVersion = 17.3.32819.101
MinimumVisualStudioVersion = 10.0.40219.1
Project("{FAE04EC0-301F-11D3-BF4B-00C04F79EFBC}") = "Banco Mundial", "Banco Mundial\Banco Mundial.csproj", "{BFE2360E-45BE-4914-957C-E1D6D947D0FF}"
EndProject
Global
	GlobalSection(SolutionConfigurationPlatforms) = preSolution
		Debug|Any CPU = Debug|Any CPU
		Release|Any CPU = Release|Any CPU
	EndGlobalSection
	GlobalSection(ProjectConfigurationPlatforms) = postSolution
		{BFE2360E-45BE-4914-957C-E1D6D947D0FF}.Debug|Any CPU.ActiveCfg = Debug|Any CPU
		{BFE2360E-45BE-4914-957C-E1D6D947D0FF}.Debug|Any CPU.Build.0 = Debug|Any CPU
		{BFE2360E-45BE-4914-957C-E1D6D947D0FF}.Release|Any CPU.ActiveCfg = Release|Any CPU
		{BFE2360E-45BE-4914-957C-E1D6D947D0FF}.Release|Any CPU.Build.0 = Release|Any CPU
	EndGlobalSection
	GlobalSection(SolutionProperties) = preSolution
		HideSolutionNode = FALSE
	EndGlobalSection
	GlobalSection(ExtensibilityGlobals) = postSolution
		SolutionGuid = {68EA875C-809F-45FD-88C3-3BFBAAE9DA9C}
	EndGlobalSection
EndGlobal
